{
  "version": "3",
  "packages": {
    "specifiers": {
      "jsr:@std/assert": "jsr:@std/assert@1.0.9",
      "jsr:@std/async": "jsr:@std/async@1.0.9",
      "jsr:@std/internal@^1.0.5": "jsr:@std/internal@1.0.5"
    },
    "jsr": {
      "@std/assert@1.0.9": {
        "integrity": "a9f0c611a869cc791b26f523eec54c7e187aab7932c2c8e8bea0622d13680dcd",
        "dependencies": [
          "jsr:@std/internal@^1.0.5"
        ]
      },
      "@std/async@1.0.9": {
        "integrity": "c6472fd0623b3f3daae023cdf7ca5535e1b721dfbf376562c0c12b3fb4867f91"
      },
      "@std/internal@1.0.5": {
        "integrity": "54a546004f769c1ac9e025abd15a76b6671ddc9687e2313b67376125650dc7ba"
      }
    }
  },
  "remote": {}
}
